<Solution>
  <Folder Name="/src/">
    <Project Path="src/Wolpertinger.Edge/Wolpertinger.Edge.csproj" />
    <Project Path="src/Wolpertinger.Host/Wolpertinger.Host.csproj" />
  </Folder>
  <Folder Name="/tests/">
    <Project Path="tests/Wolpertinger.Edge.Tests/Wolpertinger.Edge.Tests.csproj" />
    <Project Path="tests/Wolpertinger.Integration.Tests/Wolpertinger.Integration.Tests.csproj" />
  </Folder>
</Solution>
